// !$*UTF8*$!
{
	archiveVersion = 1;
	classes = {
	};
	objectVersion = 51;
	objects = {

/* Begin PBXBuildFile section */
		82371BDF62C15731D5E5A34E /* Pods_LoblawDigitalAssignment.framework in Frameworks */ = {isa = PBXBuildFile; fileRef = F4CC30C7886313F02C3A51F4 /* Pods_LoblawDigitalAssignment.framework */; };
		93AB2940246B42B2002432C0 /* AppDelegate.swift in Sources */ = {isa = PBXBuildFile; fileRef = 93AB293F246B42B2002432C0 /* AppDelegate.swift */; };
		93AB2942246B42B2002432C0 /* SceneDelegate.swift in Sources */ = {isa = PBXBuildFile; fileRef = 93AB2941246B42B2002432C0 /* SceneDelegate.swift */; };
		93AB2944246B42B2002432C0 /* ViewController.swift in Sources */ = {isa = PBXBuildFile; fileRef = 93AB2943246B42B2002432C0 /* ViewController.swift */; };
		93AB2947246B42B2002432C0 /* Main.storyboard in Resources */ = {isa = PBXBuildFile; fileRef = 93AB2945246B42B2002432C0 /* Main.storyboard */; };
		93AB2949246B42B4002432C0 /* Assets.xcassets in Resources */ = {isa = PBXBuildFile; fileRef = 93AB2948246B42B4002432C0 /* Assets.xcassets */; };
		93AB294C246B42B4002432C0 /* LaunchScreen.storyboard in Resources */ = {isa = PBXBuildFile; fileRef = 93AB294A246B42B4002432C0 /* LaunchScreen.storyboard */; };
		93AB2961246B5319002432C0 /* API.plist in Resources */ = {isa = PBXBuildFile; fileRef = 93AB2960246B5319002432C0 /* API.plist */; };
		93AB296A246B599F002432C0 /* LDARedditResponse.swift in Sources */ = {isa = PBXBuildFile; fileRef = 93AB2969246B599F002432C0 /* LDARedditResponse.swift */; };
		93AB296C246B5C4C002432C0 /* APIs.swift in Sources */ = {isa = PBXBuildFile; fileRef = 93AB296B246B5C4C002432C0 /* APIs.swift */; };
		93AB296E246B5FEF002432C0 /* NetworkManager.swift in Sources */ = {isa = PBXBuildFile; fileRef = 93AB296D246B5FEF002432C0 /* NetworkManager.swift */; };
		93AB2970246B61D8002432C0 /* LDARedditRequest.swift in Sources */ = {isa = PBXBuildFile; fileRef = 93AB296F246B61D8002432C0 /* LDARedditRequest.swift */; };
		93AB2975246B6B45002432C0 /* LDAParameterizable.swift in Sources */ = {isa = PBXBuildFile; fileRef = 93AB2974246B6B45002432C0 /* LDAParameterizable.swift */; };
		93AB297D246B92D0002432C0 /* LDAProgressHudUtil.swift in Sources */ = {isa = PBXBuildFile; fileRef = 93AB297C246B92D0002432C0 /* LDAProgressHudUtil.swift */; };
		93AB297F246BA233002432C0 /* LDARequestable.swift in Sources */ = {isa = PBXBuildFile; fileRef = 93AB297E246BA233002432C0 /* LDARequestable.swift */; };
		93AB2981246BAA22002432C0 /* LDARedditListViewModel.swift in Sources */ = {isa = PBXBuildFile; fileRef = 93AB2980246BAA22002432C0 /* LDARedditListViewModel.swift */; };
		93AB298C246BC9AF002432C0 /* LDANewsTableViewCell.swift in Sources */ = {isa = PBXBuildFile; fileRef = 93AB298B246BC9AF002432C0 /* LDANewsTableViewCell.swift */; };
		93AB298E246BCC23002432C0 /* LDANewsDetailsViewController.swift in Sources */ = {isa = PBXBuildFile; fileRef = 93AB298D246BCC23002432C0 /* LDANewsDetailsViewController.swift */; };
		93AB2993246C5B71002432C0 /* Constants.swift in Sources */ = {isa = PBXBuildFile; fileRef = 93AB2992246C5B71002432C0 /* Constants.swift */; };
		93AB2997246C82CB002432C0 /* Images.xcassets in Resources */ = {isa = PBXBuildFile; fileRef = 93AB2996246C82CB002432C0 /* Images.xcassets */; };
		93AB299F246C8CC8002432C0 /* String+.swift in Sources */ = {isa = PBXBuildFile; fileRef = 93AB299E246C8CC8002432C0 /* String+.swift */; };
		93AB29A3246C9684002432C0 /* AlertControllerUtil.swift in Sources */ = {isa = PBXBuildFile; fileRef = 93AB29A2246C9684002432C0 /* AlertControllerUtil.swift */; };
		93AB29A7246C9F25002432C0 /* LDANewsDetails.swift in Sources */ = {isa = PBXBuildFile; fileRef = 93AB29A6246C9F25002432C0 /* LDANewsDetails.swift */; };
		93AB29A9246CA272002432C0 /* lblogo.png in Resources */ = {isa = PBXBuildFile; fileRef = 93AB29A8246CA272002432C0 /* lblogo.png */; };
/* End PBXBuildFile section */

/* Begin PBXFileReference section */
		80414C5498245AB92A0FCA67 /* Pods-LoblawDigitalAssignment.release.xcconfig */ = {isa = PBXFileReference; includeInIndex = 1; lastKnownFileType = text.xcconfig; name = "Pods-LoblawDigitalAssignment.release.xcconfig"; path = "Target Support Files/Pods-LoblawDigitalAssignment/Pods-LoblawDigitalAssignment.release.xcconfig"; sourceTree = "<group>"; };
		93AB293C246B42B2002432C0 /* LoblawDigitalAssignment.app */ = {isa = PBXFileReference; explicitFileType = wrapper.application; includeInIndex = 0; path = LoblawDigitalAssignment.app; sourceTree = BUILT_PRODUCTS_DIR; };
		93AB293F246B42B2002432C0 /* AppDelegate.swift */ = {isa = PBXFileReference; lastKnownFileType = sourcecode.swift; path = AppDelegate.swift; sourceTree = "<group>"; };
		93AB2941246B42B2002432C0 /* SceneDelegate.swift */ = {isa = PBXFileReference; lastKnownFileType = sourcecode.swift; path = SceneDelegate.swift; sourceTree = "<group>"; };
		93AB2943246B42B2002432C0 /* ViewController.swift */ = {isa = PBXFileReference; lastKnownFileType = sourcecode.swift; path = ViewController.swift; sourceTree = "<group>"; };
		93AB2946246B42B2002432C0 /* Base */ = {isa = PBXFileReference; lastKnownFileType = file.storyboard; name = Base; path = Base.lproj/Main.storyboard; sourceTree = "<group>"; };
		93AB2948246B42B4002432C0 /* Assets.xcassets */ = {isa = PBXFileReference; lastKnownFileType = folder.assetcatalog; path = Assets.xcassets; sourceTree = "<group>"; };
		93AB294B246B42B4002432C0 /* Base */ = {isa = PBXFileReference; lastKnownFileType = file.storyboard; name = Base; path = Base.lproj/LaunchScreen.storyboard; sourceTree = "<group>"; };
		93AB294D246B42B4002432C0 /* Info.plist */ = {isa = PBXFileReference; lastKnownFileType = text.plist.xml; path = Info.plist; sourceTree = "<group>"; };
		93AB2960246B5319002432C0 /* API.plist */ = {isa = PBXFileReference; lastKnownFileType = text.plist.xml; path = API.plist; sourceTree = "<group>"; };
		93AB2969246B599F002432C0 /* LDARedditResponse.swift */ = {isa = PBXFileReference; lastKnownFileType = sourcecode.swift; path = LDARedditResponse.swift; sourceTree = "<group>"; };
		93AB296B246B5C4C002432C0 /* APIs.swift */ = {isa = PBXFileReference; lastKnownFileType = sourcecode.swift; path = APIs.swift; sourceTree = "<group>"; };
		93AB296D246B5FEF002432C0 /* NetworkManager.swift */ = {isa = PBXFileReference; lastKnownFileType = sourcecode.swift; path = NetworkManager.swift; sourceTree = "<group>"; };
		93AB296F246B61D8002432C0 /* LDARedditRequest.swift */ = {isa = PBXFileReference; lastKnownFileType = sourcecode.swift; path = LDARedditRequest.swift; sourceTree = "<group>"; };
		93AB2974246B6B45002432C0 /* LDAParameterizable.swift */ = {isa = PBXFileReference; lastKnownFileType = sourcecode.swift; path = LDAParameterizable.swift; sourceTree = "<group>"; };
		93AB297C246B92D0002432C0 /* LDAProgressHudUtil.swift */ = {isa = PBXFileReference; lastKnownFileType = sourcecode.swift; path = LDAProgressHudUtil.swift; sourceTree = "<group>"; };
		93AB297E246BA233002432C0 /* LDARequestable.swift */ = {isa = PBXFileReference; lastKnownFileType = sourcecode.swift; path = LDARequestable.swift; sourceTree = "<group>"; };
		93AB2980246BAA22002432C0 /* LDARedditListViewModel.swift */ = {isa = PBXFileReference; lastKnownFileType = sourcecode.swift; path = LDARedditListViewModel.swift; sourceTree = "<group>"; };
		93AB298B246BC9AF002432C0 /* LDANewsTableViewCell.swift */ = {isa = PBXFileReference; lastKnownFileType = sourcecode.swift; path = LDANewsTableViewCell.swift; sourceTree = "<group>"; };
		93AB298D246BCC23002432C0 /* LDANewsDetailsViewController.swift */ = {isa = PBXFileReference; lastKnownFileType = sourcecode.swift; path = LDANewsDetailsViewController.swift; sourceTree = "<group>"; };
		93AB2992246C5B71002432C0 /* Constants.swift */ = {isa = PBXFileReference; lastKnownFileType = sourcecode.swift; path = Constants.swift; sourceTree = "<group>"; };
		93AB2996246C82CB002432C0 /* Images.xcassets */ = {isa = PBXFileReference; lastKnownFileType = folder.assetcatalog; path = Images.xcassets; sourceTree = "<group>"; };
		93AB299E246C8CC8002432C0 /* String+.swift */ = {isa = PBXFileReference; lastKnownFileType = sourcecode.swift; path = "String+.swift"; sourceTree = "<group>"; };
		93AB29A2246C9684002432C0 /* AlertControllerUtil.swift */ = {isa = PBXFileReference; lastKnownFileType = sourcecode.swift; path = AlertControllerUtil.swift; sourceTree = "<group>"; };
		93AB29A6246C9F25002432C0 /* LDANewsDetails.swift */ = {isa = PBXFileReference; lastKnownFileType = sourcecode.swift; path = LDANewsDetails.swift; sourceTree = "<group>"; };
		93AB29A8246CA272002432C0 /* lblogo.png */ = {isa = PBXFileReference; lastKnownFileType = image.png; name = lblogo.png; path = ../../../../../../Downloads/lblogo.png; sourceTree = "<group>"; };
		EBF68A08B5C19039BDC2A71E /* Pods-LoblawDigitalAssignment.debug.xcconfig */ = {isa = PBXFileReference; includeInIndex = 1; lastKnownFileType = text.xcconfig; name = "Pods-LoblawDigitalAssignment.debug.xcconfig"; path = "Target Support Files/Pods-LoblawDigitalAssignment/Pods-LoblawDigitalAssignment.debug.xcconfig"; sourceTree = "<group>"; };
		F4CC30C7886313F02C3A51F4 /* Pods_LoblawDigitalAssignment.framework */ = {isa = PBXFileReference; explicitFileType = wrapper.framework; includeInIndex = 0; path = Pods_LoblawDigitalAssignment.framework; sourceTree = BUILT_PRODUCTS_DIR; };
/* End PBXFileReference section */

/* Begin PBXFrameworksBuildPhase section */
		93AB2939246B42B2002432C0 /* Frameworks */ = {
			isa = PBXFrameworksBuildPhase;
			buildActionMask = 2147483647;
			files = (
				82371BDF62C15731D5E5A34E /* Pods_LoblawDigitalAssignment.framework in Frameworks */,
			);
			runOnlyForDeploymentPostprocessing = 0;
		};
/* End PBXFrameworksBuildPhase section */

/* Begin PBXGroup section */
		4F598C85697B3DC1F78C1C2B /* Frameworks */ = {
			isa = PBXGroup;
			children = (
				F4CC30C7886313F02C3A51F4 /* Pods_LoblawDigitalAssignment.framework */,
			);
			name = Frameworks;
			sourceTree = "<group>";
		};
		93AB2933246B42B2002432C0 = {
			isa = PBXGroup;
			children = (
				93AB293E246B42B2002432C0 /* LoblawDigitalAssignment */,
				93AB293D246B42B2002432C0 /* Products */,
				AF265548FC222DA2400ACB3A /* Pods */,
				4F598C85697B3DC1F78C1C2B /* Frameworks */,
			);
			sourceTree = "<group>";
		};
		93AB293D246B42B2002432C0 /* Products */ = {
			isa = PBXGroup;
			children = (
				93AB293C246B42B2002432C0 /* LoblawDigitalAssignment.app */,
			);
			name = Products;
			sourceTree = "<group>";
		};
		93AB293E246B42B2002432C0 /* LoblawDigitalAssignment */ = {
			isa = PBXGroup;
			children = (
				93AB2959246B502A002432C0 /* StoryBoards */,
				93AB2958246B5023002432C0 /* Resources */,
				93AB2956246B5009002432C0 /* Classes */,
				93AB293F246B42B2002432C0 /* AppDelegate.swift */,
				93AB2941246B42B2002432C0 /* SceneDelegate.swift */,
				93AB2948246B42B4002432C0 /* Assets.xcassets */,
				93AB294A246B42B4002432C0 /* LaunchScreen.storyboard */,
				93AB294D246B42B4002432C0 /* Info.plist */,
			);
			path = LoblawDigitalAssignment;
			sourceTree = "<group>";
		};
		93AB2956246B5009002432C0 /* Classes */ = {
			isa = PBXGroup;
			children = (
				93AB299D246C8CB8002432C0 /* Extensions */,
				93AB2991246C5B45002432C0 /* Constants */,
				93AB298A246BC7EE002432C0 /* Views */,
				93AB297B246B92BC002432C0 /* Util */,
				93AB295C246B5071002432C0 /* ViewModels */,
				93AB295B246B5059002432C0 /* Models */,
				93AB295A246B504F002432C0 /* ViewControllers */,
			);
			path = Classes;
			sourceTree = "<group>";
		};
		93AB2958246B5023002432C0 /* Resources */ = {
			isa = PBXGroup;
			children = (
				93AB2994246C7FCA002432C0 /* Images */,
				93AB295E246B52D7002432C0 /* api */,
			);
			path = Resources;
			sourceTree = "<group>";
		};
		93AB2959246B502A002432C0 /* StoryBoards */ = {
			isa = PBXGroup;
			children = (
				93AB2945246B42B2002432C0 /* Main.storyboard */,
			);
			path = StoryBoards;
			sourceTree = "<group>";
		};
		93AB295A246B504F002432C0 /* ViewControllers */ = {
			isa = PBXGroup;
			children = (
				93AB2943246B42B2002432C0 /* ViewController.swift */,
				93AB298D246BCC23002432C0 /* LDANewsDetailsViewController.swift */,
			);
			path = ViewControllers;
			sourceTree = "<group>";
		};
		93AB295B246B5059002432C0 /* Models */ = {
			isa = PBXGroup;
			children = (
				93AB29A5246C9CF0002432C0 /* DataModels */,
				93AB2966246B5885002432C0 /* Network */,
			);
			path = Models;
			sourceTree = "<group>";
		};
		93AB295C246B5071002432C0 /* ViewModels */ = {
			isa = PBXGroup;
			children = (
				93AB2980246BAA22002432C0 /* LDARedditListViewModel.swift */,
			);
			path = ViewModels;
			sourceTree = "<group>";
		};
		93AB295E246B52D7002432C0 /* api */ = {
			isa = PBXGroup;
			children = (
				93AB295F246B52E8002432C0 /* dev */,
			);
			path = api;
			sourceTree = "<group>";
		};
		93AB295F246B52E8002432C0 /* dev */ = {
			isa = PBXGroup;
			children = (
				93AB2960246B5319002432C0 /* API.plist */,
			);
			path = dev;
			sourceTree = "<group>";
		};
		93AB2966246B5885002432C0 /* Network */ = {
			isa = PBXGroup;
			children = (
				93AB2968246B589B002432C0 /* Response */,
				93AB2967246B5894002432C0 /* Request */,
				93AB296B246B5C4C002432C0 /* APIs.swift */,
				93AB296D246B5FEF002432C0 /* NetworkManager.swift */,
			);
			path = Network;
			sourceTree = "<group>";
		};
		93AB2967246B5894002432C0 /* Request */ = {
			isa = PBXGroup;
			children = (
				93AB29A4246C9CC3002432C0 /* Base */,
				93AB296F246B61D8002432C0 /* LDARedditRequest.swift */,
			);
			path = Request;
			sourceTree = "<group>";
		};
		93AB2968246B589B002432C0 /* Response */ = {
			isa = PBXGroup;
			children = (
				93AB2973246B6B34002432C0 /* Base */,
				93AB2969246B599F002432C0 /* LDARedditResponse.swift */,
			);
			path = Response;
			sourceTree = "<group>";
		};
		93AB2973246B6B34002432C0 /* Base */ = {
			isa = PBXGroup;
			children = (
				93AB2974246B6B45002432C0 /* LDAParameterizable.swift */,
			);
			path = Base;
			sourceTree = "<group>";
		};
		93AB297B246B92BC002432C0 /* Util */ = {
			isa = PBXGroup;
			children = (
				93AB297C246B92D0002432C0 /* LDAProgressHudUtil.swift */,
				93AB29A2246C9684002432C0 /* AlertControllerUtil.swift */,
			);
			path = Util;
			sourceTree = "<group>";
		};
		93AB298A246BC7EE002432C0 /* Views */ = {
			isa = PBXGroup;
			children = (
				93AB298B246BC9AF002432C0 /* LDANewsTableViewCell.swift */,
			);
			path = Views;
			sourceTree = "<group>";
		};
		93AB2991246C5B45002432C0 /* Constants */ = {
			isa = PBXGroup;
			children = (
				93AB2992246C5B71002432C0 /* Constants.swift */,
			);
			path = Constants;
			sourceTree = "<group>";
		};
		93AB2994246C7FCA002432C0 /* Images */ = {
			isa = PBXGroup;
			children = (
				93AB29A8246CA272002432C0 /* lblogo.png */,
				93AB2996246C82CB002432C0 /* Images.xcassets */,
			);
			path = Images;
			sourceTree = "<group>";
		};
		93AB299D246C8CB8002432C0 /* Extensions */ = {
			isa = PBXGroup;
			children = (
				93AB299E246C8CC8002432C0 /* String+.swift */,
			);
			path = Extensions;
			sourceTree = "<group>";
		};
		93AB29A4246C9CC3002432C0 /* Base */ = {
			isa = PBXGroup;
			children = (
				93AB297E246BA233002432C0 /* LDARequestable.swift */,
			);
			path = Base;
			sourceTree = "<group>";
		};
		93AB29A5246C9CF0002432C0 /* DataModels */ = {
			isa = PBXGroup;
			children = (
				93AB29A6246C9F25002432C0 /* LDANewsDetails.swift */,
			);
			path = DataModels;
			sourceTree = "<group>";
		};
		AF265548FC222DA2400ACB3A /* Pods */ = {
			isa = PBXGroup;
			children = (
				EBF68A08B5C19039BDC2A71E /* Pods-LoblawDigitalAssignment.debug.xcconfig */,
				80414C5498245AB92A0FCA67 /* Pods-LoblawDigitalAssignment.release.xcconfig */,
			);
			path = Pods;
			sourceTree = "<group>";
		};
/* End PBXGroup section */

/* Begin PBXNativeTarget section */
		93AB293B246B42B2002432C0 /* LoblawDigitalAssignment */ = {
			isa = PBXNativeTarget;
			buildConfigurationList = 93AB2950246B42B4002432C0 /* Build configuration list for PBXNativeTarget "LoblawDigitalAssignment" */;
			buildPhases = (
				73D7750C706595E6C15B9316 /* [CP] Check Pods Manifest.lock */,
				93AB2938246B42B2002432C0 /* Sources */,
				93AB2939246B42B2002432C0 /* Frameworks */,
				93AB293A246B42B2002432C0 /* Resources */,
				DD9A0B56C0D1F5689F6A380E /* [CP] Embed Pods Frameworks */,
			);
			buildRules = (
			);
			dependencies = (
			);
			name = LoblawDigitalAssignment;
			productName = LoblawDigitalAssignment;
			productReference = 93AB293C246B42B2002432C0 /* LoblawDigitalAssignment.app */;
			productType = "com.apple.product-type.application";
		};
/* End PBXNativeTarget section */

/* Begin PBXProject section */
		93AB2934246B42B2002432C0 /* Project object */ = {
			isa = PBXProject;
			attributes = {
				LastSwiftUpdateCheck = 1140;
				LastUpgradeCheck = 1140;
				ORGANIZATIONNAME = "Tamal, Md Toufique Morshed";
				TargetAttributes = {
					93AB293B246B42B2002432C0 = {
						CreatedOnToolsVersion = 11.4.1;
					};
				};
			};
			buildConfigurationList = 93AB2937246B42B2002432C0 /* Build configuration list for PBXProject "LoblawDigitalAssignment" */;
			compatibilityVersion = "Xcode 9.3";
			developmentRegion = en;
			hasScannedForEncodings = 0;
			knownRegions = (
				en,
				Base,
			);
			mainGroup = 93AB2933246B42B2002432C0;
			productRefGroup = 93AB293D246B42B2002432C0 /* Products */;
			projectDirPath = "";
			projectRoot = "";
			targets = (
				93AB293B246B42B2002432C0 /* LoblawDigitalAssignment */,
			);
		};
/* End PBXProject section */

/* Begin PBXResourcesBuildPhase section */
		93AB293A246B42B2002432C0 /* Resources */ = {
			isa = PBXResourcesBuildPhase;
			buildActionMask = 2147483647;
			files = (
				93AB294C246B42B4002432C0 /* LaunchScreen.storyboard in Resources */,
				93AB2997246C82CB002432C0 /* Images.xcassets in Resources */,
				93AB29A9246CA272002432C0 /* lblogo.png in Resources */,
				93AB2961246B5319002432C0 /* API.plist in Resources */,
				93AB2949246B42B4002432C0 /* Assets.xcassets in Resources */,
				93AB2947246B42B2002432C0 /* Main.storyboard in Resources */,
			);
			runOnlyForDeploymentPostprocessing = 0;
		};
/* End PBXResourcesBuildPhase section */

/* Begin PBXShellScriptBuildPhase section */
		73D7750C706595E6C15B9316 /* [CP] Check Pods Manifest.lock */ = {
			isa = PBXShellScriptBuildPhase;
			buildActionMask = 2147483647;
			files = (
			);
			inputFileListPaths = (
			);
			inputPaths = (
				"${PODS_PODFILE_DIR_PATH}/Podfile.lock",
				"${PODS_ROOT}/Manifest.lock",
			);
			name = "[CP] Check Pods Manifest.lock";
			outputFileListPaths = (
			);
			outputPaths = (
				"$(DERIVED_FILE_DIR)/Pods-LoblawDigitalAssignment-checkManifestLockResult.txt",
			);
			runOnlyForDeploymentPostprocessing = 0;
			shellPath = /bin/sh;
			shellScript = "diff \"${PODS_PODFILE_DIR_PATH}/Podfile.lock\" \"${PODS_ROOT}/Manifest.lock\" > /dev/null\nif [ $? != 0 ] ; then\n    # print error to STDERR\n    echo \"error: The sandbox is not in sync with the Podfile.lock. Run 'pod install' or update your CocoaPods installation.\" >&2\n    exit 1\nfi\n# This output is used by Xcode 'outputs' to avoid re-running this script phase.\necho \"SUCCESS\" > \"${SCRIPT_OUTPUT_FILE_0}\"\n";
			showEnvVarsInLog = 0;
		};
		DD9A0B56C0D1F5689F6A380E /* [CP] Embed Pods Frameworks */ = {
			isa = PBXShellScriptBuildPhase;
			buildActionMask = 2147483647;
			files = (
			);
			inputFileListPaths = (
				"${PODS_ROOT}/Target Support Files/Pods-LoblawDigitalAssignment/Pods-LoblawDigitalAssignment-frameworks-${CONFIGURATION}-input-files.xcfilelist",
			);
			name = "[CP] Embed Pods Frameworks";
			outputFileListPaths = (
				"${PODS_ROOT}/Target Support Files/Pods-LoblawDigitalAssignment/Pods-LoblawDigitalAssignment-frameworks-${CONFIGURATION}-output-files.xcfilelist",
			);
			runOnlyForDeploymentPostprocessing = 0;
			shellPath = /bin/sh;
			shellScript = "\"${PODS_ROOT}/Target Support Files/Pods-LoblawDigitalAssignment/Pods-LoblawDigitalAssignment-frameworks.sh\"\n";
			showEnvVarsInLog = 0;
		};
/* End PBXShellScriptBuildPhase section */

/* Begin PBXSourcesBuildPhase section */
		93AB2938246B42B2002432C0 /* Sources */ = {
			isa = PBXSourcesBuildPhase;
			buildActionMask = 2147483647;
			files = (
				93AB297D246B92D0002432C0 /* LDAProgressHudUtil.swift in Sources */,
				93AB296E246B5FEF002432C0 /* NetworkManager.swift in Sources */,
				93AB2944246B42B2002432C0 /* ViewController.swift in Sources */,
				93AB2975246B6B45002432C0 /* LDAParameterizable.swift in Sources */,
				93AB298C246BC9AF002432C0 /* LDANewsTableViewCell.swift in Sources */,
				93AB2940246B42B2002432C0 /* AppDelegate.swift in Sources */,
				93AB2981246BAA22002432C0 /* LDARedditListViewModel.swift in Sources */,
				93AB296A246B599F002432C0 /* LDARedditResponse.swift in Sources */,
				93AB2970246B61D8002432C0 /* LDARedditRequest.swift in Sources */,
				93AB297F246BA233002432C0 /* LDARequestable.swift in Sources */,
				93AB29A3246C9684002432C0 /* AlertControllerUtil.swift in Sources */,
				93AB2993246C5B71002432C0 /* Constants.swift in Sources */,
				93AB298E246BCC23002432C0 /* LDANewsDetailsViewController.swift in Sources */,
				93AB29A7246C9F25002432C0 /* LDANewsDetails.swift in Sources */,
				93AB299F246C8CC8002432C0 /* String+.swift in Sources */,
				93AB296C246B5C4C002432C0 /* APIs.swift in Sources */,
				93AB2942246B42B2002432C0 /* SceneDelegate.swift in Sources */,
			);
			runOnlyForDeploymentPostprocessing = 0;
		};
/* End PBXSourcesBuildPhase section */

/* Begin PBXVariantGroup section */
		93AB2945246B42B2002432C0 /* Main.storyboard */ = {
			isa = PBXVariantGroup;
			children = (
				93AB2946246B42B2002432C0 /* Base */,
			);
			name = Main.storyboard;
			sourceTree = "<group>";
		};
		93AB294A246B42B4002432C0 /* LaunchScreen.storyboard */ = {
			isa = PBXVariantGroup;
			children = (
				93AB294B246B42B4002432C0 /* Base */,
			);
			name = LaunchScreen.storyboard;
			sourceTree = "<group>";
		};
/* End PBXVariantGroup section */

/* Begin XCBuildConfiguration section */
		93AB294E246B42B4002432C0 /* Debug */ = {
			isa = XCBuildConfiguration;
			buildSettings = {
				ALWAYS_SEARCH_USER_PATHS = NO;
				CLANG_ANALYZER_NONNULL = YES;
				CLANG_ANALYZER_NUMBER_OBJECT_CONVERSION = YES_AGGRESSIVE;
				CLANG_CXX_LANGUAGE_STANDARD = "gnu++14";
				CLANG_CXX_LIBRARY = "libc++";
				CLANG_ENABLE_MODULES = YES;
				CLANG_ENABLE_OBJC_ARC = YES;
				CLANG_ENABLE_OBJC_WEAK = YES;
				CLANG_WARN_BLOCK_CAPTURE_AUTORELEASING = YES;
				CLANG_WARN_BOOL_CONVERSION = YES;
				CLANG_WARN_COMMA = YES;
				CLANG_WARN_CONSTANT_CONVERSION = YES;
				CLANG_WARN_DEPRECATED_OBJC_IMPLEMENTATIONS = YES;
				CLANG_WARN_DIRECT_OBJC_ISA_USAGE = YES_ERROR;
				CLANG_WARN_DOCUMENTATION_COMMENTS = YES;
				CLANG_WARN_EMPTY_BODY = YES;
				CLANG_WARN_ENUM_CONVERSION = YES;
				CLANG_WARN_INFINITE_RECURSION = YES;
				CLANG_WARN_INT_CONVERSION = YES;
				CLANG_WARN_NON_LITERAL_NULL_CONVERSION = YES;
				CLANG_WARN_OBJC_IMPLICIT_RETAIN_SELF = YES;
				CLANG_WARN_OBJC_LITERAL_CONVERSION = YES;
				CLANG_WARN_OBJC_ROOT_CLASS = YES_ERROR;
				CLANG_WARN_RANGE_LOOP_ANALYSIS = YES;
				CLANG_WARN_STRICT_PROTOTYPES = YES;
				CLANG_WARN_SUSPICIOUS_MOVE = YES;
				CLANG_WARN_UNGUARDED_AVAILABILITY = YES_AGGRESSIVE;
				CLANG_WARN_UNREACHABLE_CODE = YES;
				CLANG_WARN__DUPLICATE_METHOD_MATCH = YES;
				COPY_PHASE_STRIP = NO;
				DEBUG_INFORMATION_FORMAT = dwarf;
				ENABLE_STRICT_OBJC_MSGSEND = YES;
				ENABLE_TESTABILITY = YES;
				GCC_C_LANGUAGE_STANDARD = gnu11;
				GCC_DYNAMIC_NO_PIC = NO;
				GCC_NO_COMMON_BLOCKS = YES;
				GCC_OPTIMIZATION_LEVEL = 0;
				GCC_PREPROCESSOR_DEFINITIONS = (
					"DEBUG=1",
					"$(inherited)",
				);
				GCC_WARN_64_TO_32_BIT_CONVERSION = YES;
				GCC_WARN_ABOUT_RETURN_TYPE = YES_ERROR;
				GCC_WARN_UNDECLARED_SELECTOR = YES;
				GCC_WARN_UNINITIALIZED_AUTOS = YES_AGGRESSIVE;
				GCC_WARN_UNUSED_FUNCTION = YES;
				GCC_WARN_UNUSED_VARIABLE = YES;
				IPHONEOS_DEPLOYMENT_TARGET = 13.4;
				MTL_ENABLE_DEBUG_INFO = INCLUDE_SOURCE;
				MTL_FAST_MATH = YES;
				ONLY_ACTIVE_ARCH = YES;
				SDKROOT = iphoneos;
				SWIFT_ACTIVE_COMPILATION_CONDITIONS = DEBUG;
				SWIFT_OPTIMIZATION_LEVEL = "-Onone";
			};
			name = Debug;
		};
		93AB294F246B42B4002432C0 /* Release */ = {
			isa = XCBuildConfiguration;
			buildSettings = {
				ALWAYS_SEARCH_USER_PATHS = NO;
				CLANG_ANALYZER_NONNULL = YES;
				CLANG_ANALYZER_NUMBER_OBJECT_CONVERSION = YES_AGGRESSIVE;
				CLANG_CXX_LANGUAGE_STANDARD = "gnu++14";
				CLANG_CXX_LIBRARY = "libc++";
				CLANG_ENABLE_MODULES = YES;
				CLANG_ENABLE_OBJC_ARC = YES;
				CLANG_ENABLE_OBJC_WEAK = YES;
				CLANG_WARN_BLOCK_CAPTURE_AUTORELEASING = YES;
				CLANG_WARN_BOOL_CONVERSION = YES;
				CLANG_WARN_COMMA = YES;
				CLANG_WARN_CONSTANT_CONVERSION = YES;
				CLANG_WARN_DEPRECATED_OBJC_IMPLEMENTATIONS = YES;
				CLANG_WARN_DIRECT_OBJC_ISA_USAGE = YES_ERROR;
				CLANG_WARN_DOCUMENTATION_COMMENTS = YES;
				CLANG_WARN_EMPTY_BODY = YES;
				CLANG_WARN_ENUM_CONVERSION = YES;
				CLANG_WARN_INFINITE_RECURSION = YES;
				CLANG_WARN_INT_CONVERSION = YES;
				CLANG_WARN_NON_LITERAL_NULL_CONVERSION = YES;
				CLANG_WARN_OBJC_IMPLICIT_RETAIN_SELF = YES;
				CLANG_WARN_OBJC_LITERAL_CONVERSION = YES;
				CLANG_WARN_OBJC_ROOT_CLASS = YES_ERROR;
				CLANG_WARN_RANGE_LOOP_ANALYSIS = YES;
				CLANG_WARN_STRICT_PROTOTYPES = YES;
				CLANG_WARN_SUSPICIOUS_MOVE = YES;
				CLANG_WARN_UNGUARDED_AVAILABILITY = YES_AGGRESSIVE;
				CLANG_WARN_UNREACHABLE_CODE = YES;
				CLANG_WARN__DUPLICATE_METHOD_MATCH = YES;
				COPY_PHASE_STRIP = NO;
				DEBUG_INFORMATION_FORMAT = "dwarf-with-dsym";
				ENABLE_NS_ASSERTIONS = NO;
				ENABLE_STRICT_OBJC_MSGSEND = YES;
				GCC_C_LANGUAGE_STANDARD = gnu11;
				GCC_NO_COMMON_BLOCKS = YES;
				GCC_WARN_64_TO_32_BIT_CONVERSION = YES;
				GCC_WARN_ABOUT_RETURN_TYPE = YES_ERROR;
				GCC_WARN_UNDECLARED_SELECTOR = YES;
				GCC_WARN_UNINITIALIZED_AUTOS = YES_AGGRESSIVE;
				GCC_WARN_UNUSED_FUNCTION = YES;
				GCC_WARN_UNUSED_VARIABLE = YES;
				IPHONEOS_DEPLOYMENT_TARGET = 13.4;
				MTL_ENABLE_DEBUG_INFO = NO;
				MTL_FAST_MATH = YES;
				SDKROOT = iphoneos;
				SWIFT_COMPILATION_MODE = wholemodule;
				SWIFT_OPTIMIZATION_LEVEL = "-O";
				VALIDATE_PRODUCT = YES;
			};
			name = Release;
		};
		93AB2951246B42B4002432C0 /* Debug */ = {
			isa = XCBuildConfiguration;
			baseConfigurationReference = EBF68A08B5C19039BDC2A71E /* Pods-LoblawDigitalAssignment.debug.xcconfig */;
			buildSettings = {
				ASSETCATALOG_COMPILER_APPICON_NAME = AppIcon;
				CODE_SIGN_STYLE = Automatic;
				INFOPLIST_FILE = LoblawDigitalAssignment/Info.plist;
				IPHONEOS_DEPLOYMENT_TARGET = 13.4;
				LD_RUNPATH_SEARCH_PATHS = (
					"$(inherited)",
					"@executable_path/Frameworks",
				);
				PRODUCT_BUNDLE_IDENTIFIER = com.example.loblawdigitaldssignment.LoblawDigitalAssignment;
				PRODUCT_NAME = "$(TARGET_NAME)";
				SWIFT_VERSION = 5.0;
				TARGETED_DEVICE_FAMILY = "1,2";
			};
			name = Debug;
		};
		93AB2952246B42B4002432C0 /* Release */ = {
			isa = XCBuildConfiguration;
			baseConfigurationReference = 80414C5498245AB92A0FCA67 /* Pods-LoblawDigitalAssignment.release.xcconfig */;
			buildSettings = {
				ASSETCATALOG_COMPILER_APPICON_NAME = AppIcon;
				CODE_SIGN_STYLE = Automatic;
				INFOPLIST_FILE = LoblawDigitalAssignment/Info.plist;
				IPHONEOS_DEPLOYMENT_TARGET = 13.4;
				LD_RUNPATH_SEARCH_PATHS = (
					"$(inherited)",
					"@executable_path/Frameworks",
				);
				PRODUCT_BUNDLE_IDENTIFIER = com.example.loblawdigitaldssignment.LoblawDigitalAssignment;
				PRODUCT_NAME = "$(TARGET_NAME)";
				SWIFT_VERSION = 5.0;
				TARGETED_DEVICE_FAMILY = "1,2";
			};
			name = Release;
		};
/* End XCBuildConfiguration section */

/* Begin XCConfigurationList section */
		93AB2937246B42B2002432C0 /* Build configuration list for PBXProject "LoblawDigitalAssignment" */ = {
			isa = XCConfigurationList;
			buildConfigurations = (
				93AB294E246B42B4002432C0 /* Debug */,
				93AB294F246B42B4002432C0 /* Release */,
			);
			defaultConfigurationIsVisible = 0;
			defaultConfigurationName = Release;
		};
		93AB2950246B42B4002432C0 /* Build configuration list for PBXNativeTarget "LoblawDigitalAssignment" */ = {
			isa = XCConfigurationList;
			buildConfigurations = (
				93AB2951246B42B4002432C0 /* Debug */,
				93AB2952246B42B4002432C0 /* Release */,
			);
			defaultConfigurationIsVisible = 0;
			defaultConfigurationName = Release;
		};
/* End XCConfigurationList section */
	};
	rootObject = 93AB2934246B42B2002432C0 /* Project object */;
}
